
Microsoft Visual Studio Solution File, Format Version 12.00
# Visual Studio Version 16
VisualStudioVersion = 16.0.29519.181
MinimumVisualStudioVersion = 10.0.40219.1
Project("{8BC9CEB8-8B4A-11D0-8D11-00A0C91BC942}") = "0017_for_properties", "0017_for_properties.vcxproj", "{440604EE-39E1-412B-B41F-81AA521BF03C}"
EndProject
Global
	GlobalSection(SolutionConfigurationPlatforms) = preSolution
		Debug|x64 = Debug|x64
		Debug|x86 = Debug|x86
		Release|x64 = Release|x64
		Release|x86 = Release|x86
	EndGlobalSection
	GlobalSection(ProjectConfigurationPlatforms) = postSolution
		{440604EE-39E1-412B-B41F-81AA521BF03C}.Debug|x64.ActiveCfg = Debug|x64
		{440604EE-39E1-412B-B41F-81AA521BF03C}.Debug|x64.Build.0 = Debug|x64
		{440604EE-39E1-412B-B41F-81AA521BF03C}.Debug|x86.ActiveCfg = Debug|Win32
		{440604EE-39E1-412B-B41F-81AA521BF03C}.Debug|x86.Build.0 = Debug|Win32
		{440604EE-39E1-412B-B41F-81AA521BF03C}.Release|x64.ActiveCfg = Release|x64
		{440604EE-39E1-412B-B41F-81AA521BF03C}.Release|x64.Build.0 = Release|x64
		{440604EE-39E1-412B-B41F-81AA521BF03C}.Release|x86.ActiveCfg = Release|Win32
		{440604EE-39E1-412B-B41F-81AA521BF03C}.Release|x86.Build.0 = Release|Win32
	EndGlobalSection
	GlobalSection(SolutionProperties) = preSolution
		HideSolutionNode = FALSE
	EndGlobalSection
	GlobalSection(ExtensibilityGlobals) = postSolution
		SolutionGuid = {17A2929E-63FB-4BEC-95DC-E3166AF54521}
	EndGlobalSection
EndGlobal
