
Microsoft Visual Studio Solution File, Format Version 12.00
# Visual Studio Version 16
VisualStudioVersion = 16.0.29519.181
MinimumVisualStudioVersion = 10.0.40219.1
Project("{8BC9CEB8-8B4A-11D0-8D11-00A0C91BC942}") = "0052_Returning_multiple_function_references", "0052_Returning_multiple_function_references.vcxproj", "{47E781C3-707B-445E-BFEC-F6661FC9B0DD}"
EndProject
Global
	GlobalSection(SolutionConfigurationPlatforms) = preSolution
		Debug|x64 = Debug|x64
		Debug|x86 = Debug|x86
		Release|x64 = Release|x64
		Release|x86 = Release|x86
	EndGlobalSection
	GlobalSection(ProjectConfigurationPlatforms) = postSolution
		{47E781C3-707B-445E-BFEC-F6661FC9B0DD}.Debug|x64.ActiveCfg = Debug|x64
		{47E781C3-707B-445E-BFEC-F6661FC9B0DD}.Debug|x64.Build.0 = Debug|x64
		{47E781C3-707B-445E-BFEC-F6661FC9B0DD}.Debug|x86.ActiveCfg = Debug|Win32
		{47E781C3-707B-445E-BFEC-F6661FC9B0DD}.Debug|x86.Build.0 = Debug|Win32
		{47E781C3-707B-445E-BFEC-F6661FC9B0DD}.Release|x64.ActiveCfg = Release|x64
		{47E781C3-707B-445E-BFEC-F6661FC9B0DD}.Release|x64.Build.0 = Release|x64
		{47E781C3-707B-445E-BFEC-F6661FC9B0DD}.Release|x86.ActiveCfg = Release|Win32
		{47E781C3-707B-445E-BFEC-F6661FC9B0DD}.Release|x86.Build.0 = Release|Win32
	EndGlobalSection
	GlobalSection(SolutionProperties) = preSolution
		HideSolutionNode = FALSE
	EndGlobalSection
	GlobalSection(ExtensibilityGlobals) = postSolution
		SolutionGuid = {7018D04D-0590-4F1E-8804-DF9C911F0786}
	EndGlobalSection
EndGlobal
