
Microsoft Visual Studio Solution File, Format Version 12.00
# Visual Studio Version 16
VisualStudioVersion = 16.0.29519.181
MinimumVisualStudioVersion = 10.0.40219.1
Project("{8BC9CEB8-8B4A-11D0-8D11-00A0C91BC942}") = "0039-0040-0041_functions_inline_overload_template", "0039-0040-0041_functions_inline_overload_template.vcxproj", "{83FBFEB7-AE6C-4026-9B90-2D45741A0BF7}"
EndProject
Global
	GlobalSection(SolutionConfigurationPlatforms) = preSolution
		Debug|x64 = Debug|x64
		Debug|x86 = Debug|x86
		Release|x64 = Release|x64
		Release|x86 = Release|x86
	EndGlobalSection
	GlobalSection(ProjectConfigurationPlatforms) = postSolution
		{83FBFEB7-AE6C-4026-9B90-2D45741A0BF7}.Debug|x64.ActiveCfg = Debug|x64
		{83FBFEB7-AE6C-4026-9B90-2D45741A0BF7}.Debug|x64.Build.0 = Debug|x64
		{83FBFEB7-AE6C-4026-9B90-2D45741A0BF7}.Debug|x86.ActiveCfg = Debug|Win32
		{83FBFEB7-AE6C-4026-9B90-2D45741A0BF7}.Debug|x86.Build.0 = Debug|Win32
		{83FBFEB7-AE6C-4026-9B90-2D45741A0BF7}.Release|x64.ActiveCfg = Release|x64
		{83FBFEB7-AE6C-4026-9B90-2D45741A0BF7}.Release|x64.Build.0 = Release|x64
		{83FBFEB7-AE6C-4026-9B90-2D45741A0BF7}.Release|x86.ActiveCfg = Release|Win32
		{83FBFEB7-AE6C-4026-9B90-2D45741A0BF7}.Release|x86.Build.0 = Release|Win32
	EndGlobalSection
	GlobalSection(SolutionProperties) = preSolution
		HideSolutionNode = FALSE
	EndGlobalSection
	GlobalSection(ExtensibilityGlobals) = postSolution
		SolutionGuid = {4AB8C9AB-8910-4F76-B4B4-83BED160E3F3}
	EndGlobalSection
EndGlobal
